
Microsoft Visual Studio Solution File, Format Version 12.00
# Visual Studio Version 16
VisualStudioVersion = 16.0.31702.278
MinimumVisualStudioVersion = 10.0.40219.1
Project("{FAE04EC0-301F-11D3-BF4B-00C04F79EFBC}") = "LINQ", "LINQ\LINQ.csproj", "{252812DD-E7D0-4FA5-9577-3670FF623218}"
EndProject
Global
	GlobalSection(SolutionConfigurationPlatforms) = preSolution
		Debug|Any CPU = Debug|Any CPU
		Release|Any CPU = Release|Any CPU
	EndGlobalSection
	GlobalSection(ProjectConfigurationPlatforms) = postSolution
		{252812DD-E7D0-4FA5-9577-3670FF623218}.Debug|Any CPU.ActiveCfg = Debug|Any CPU
		{252812DD-E7D0-4FA5-9577-3670FF623218}.Debug|Any CPU.Build.0 = Debug|Any CPU
		{252812DD-E7D0-4FA5-9577-3670FF623218}.Release|Any CPU.ActiveCfg = Release|Any CPU
		{252812DD-E7D0-4FA5-9577-3670FF623218}.Release|Any CPU.Build.0 = Release|Any CPU
	EndGlobalSection
	GlobalSection(SolutionProperties) = preSolution
		HideSolutionNode = FALSE
	EndGlobalSection
	GlobalSection(ExtensibilityGlobals) = postSolution
		SolutionGuid = {10D73EFB-8A67-4170-9A0A-D631D22DD83B}
	EndGlobalSection
EndGlobal
